<?xml version="1.0" encoding="UTF-8" standalone="yes" ?>
<CodeBlocks_project_file>
	<FileVersion major="1" minor="6" />
	<Project>
		<Option title="ferreteria" />
		<Option pch_mode="2" />
		<Option compiler="gcc" />
		<Build>
			<Target title="Debug">
				<Option output="bin/Debug/ferreteria" prefix_auto="1" extension_auto="1" />
				<Option object_output="obj/Debug/" />
				<Option type="1" />
				<Option compiler="gcc" />
				<Compiler>
					<Add option="-g" />
				</Compiler>
			</Target>
			<Target title="Release">
				<Option output="bin/Release/ferreteria" prefix_auto="1" extension_auto="1" />
				<Option object_output="obj/Release/" />
				<Option type="1" />
				<Option compiler="gcc" />
				<Compiler>
					<Add option="-O2" />
				</Compiler>
				<Linker>
					<Add option="-s" />
				</Linker>
			</Target>
		</Build>
		<Compiler>
			<Add option="-Wall" />
			<Add option="-fexceptions" />
		</Compiler>
		<Unit filename="CLASES/HUMANOS/CLIENTES/clsCliente.cpp" />
		<Unit filename="CLASES/HUMANOS/CLIENTES/clsCliente.h" />
		<Unit filename="CLASES/HUMANOS/PROVEEDORES/clsProveedor.cpp" />
		<Unit filename="CLASES/HUMANOS/PROVEEDORES/clsProveedor.h" />
		<Unit filename="CLASES/HUMANOS/clsPersona.cpp" />
		<Unit filename="CLASES/HUMANOS/clsPersona.h" />
		<Unit filename="CLASES/INVENTARIO/clsAlmacen.h" />
		<Unit filename="CLASES/INVENTARIO/clsProducto.cpp" />
		<Unit filename="CLASES/INVENTARIO/clsProducto.h" />
		<Unit filename="CLASES/VENTAS/clsDetalleVenta.cpp" />
		<Unit filename="CLASES/VENTAS/clsDetalleVenta.h" />
		<Unit filename="CLASES/VENTAS/clsVenta.cpp" />
		<Unit filename="CLASES/VENTAS/clsVenta.h" />
		<Unit filename="CLASES/clsFecha.cpp" />
		<Unit filename="CLASES/clsFecha.h" />
		<Unit filename="MENÚS/funcionesMenuClientes.cpp" />
		<Unit filename="MENÚS/funcionesMenuCompras.cpp" />
		<Unit filename="MENÚS/funcionesMenuConfiguracion.cpp" />
		<Unit filename="MENÚS/funcionesMenuInformes.cpp" />
		<Unit filename="MENÚS/funcionesMenuProductos.cpp" />
		<Unit filename="MENÚS/funcionesMenuVentas.cpp" />
		<Unit filename="MENÚS/menuClientes.h" />
		<Unit filename="MENÚS/menuCompras.h" />
		<Unit filename="MENÚS/menuConfiguracion.h" />
		<Unit filename="MENÚS/menuInformes.h" />
		<Unit filename="MENÚS/menuProductos.h" />
		<Unit filename="MENÚS/menuVentas.h" />
		<Unit filename="main.cpp" />
		<Extensions>
			<lib_finder disable_auto="1" />
		</Extensions>
	</Project>
</CodeBlocks_project_file>
